
Microsoft Visual Studio Solution File, Format Version 12.00
# Visual Studio Version 17
VisualStudioVersion = 17.12.35527.113
MinimumVisualStudioVersion = 10.0.40219.1
Project("{FAE04EC0-301F-11D3-BF4B-00C04F79EFBC}") = "ConwayGameOfLife.API", "ConwayGameOfLife.API\ConwayGameOfLife.API.csproj", "{110A0BD1-C186-46B1-827B-26480CB09D3E}"
EndProject
Project("{FAE04EC0-301F-11D3-BF4B-00C04F79EFBC}") = "ConwayGameOfLife.Infrastructure", "ConwayGameOfLife.Infrastructure\ConwayGameOfLife.Infrastructure.csproj", "{C37978FD-52E6-478C-9BDD-27517F318C56}"
EndProject
Project("{FAE04EC0-301F-11D3-BF4B-00C04F79EFBC}") = "ConwayGameOfLife.DatabaseModels", "ConwayGameOfLife.DatabaseModels\ConwayGameOfLife.DatabaseModels.csproj", "{21A8BBFC-4C31-4E8F-8C97-10B5EE20B01D}"
EndProject
Project("{FAE04EC0-301F-11D3-BF4B-00C04F79EFBC}") = "ConwayGameOfLife.Core", "ConwayGameOfLife.Core\ConwayGameOfLife.Core.csproj", "{6D47F648-B8B6-4242-8D44-8810E34B88DF}"
EndProject
Project("{FAE04EC0-301F-11D3-BF4B-00C04F79EFBC}") = "ConwayGameOfLife.Common", "ConwayGameOfLife.Common\ConwayGameOfLife.Common.csproj", "{BA2BC66B-69BB-4259-BEB1-53035873BFF9}"
EndProject
Project("{FAE04EC0-301F-11D3-BF4B-00C04F79EFBC}") = "ConwayGameOfLife.Tests", "ConwayGameOfLife.Tests\ConwayGameOfLife.Tests.csproj", "{FB2541C9-3AA3-468E-868C-F4A7030D13E3}"
EndProject
Project("{2150E333-8FDC-42A3-9474-1A3956D46DE8}") = "Elementos de la solución", "Elementos de la solución", "{BB3D38C8-AA0A-4671-B120-A9021434DCB9}"
	ProjectSection(SolutionItems) = preProject
		.dockerignore = .dockerignore
		Dockerfile = Dockerfile
	EndProjectSection
EndProject
Global
	GlobalSection(SolutionConfigurationPlatforms) = preSolution
		Debug|Any CPU = Debug|Any CPU
		Release|Any CPU = Release|Any CPU
	EndGlobalSection
	GlobalSection(ProjectConfigurationPlatforms) = postSolution
		{110A0BD1-C186-46B1-827B-26480CB09D3E}.Debug|Any CPU.ActiveCfg = Debug|Any CPU
		{110A0BD1-C186-46B1-827B-26480CB09D3E}.Debug|Any CPU.Build.0 = Debug|Any CPU
		{110A0BD1-C186-46B1-827B-26480CB09D3E}.Release|Any CPU.ActiveCfg = Release|Any CPU
		{110A0BD1-C186-46B1-827B-26480CB09D3E}.Release|Any CPU.Build.0 = Release|Any CPU
		{C37978FD-52E6-478C-9BDD-27517F318C56}.Debug|Any CPU.ActiveCfg = Debug|Any CPU
		{C37978FD-52E6-478C-9BDD-27517F318C56}.Debug|Any CPU.Build.0 = Debug|Any CPU
		{C37978FD-52E6-478C-9BDD-27517F318C56}.Release|Any CPU.ActiveCfg = Release|Any CPU
		{C37978FD-52E6-478C-9BDD-27517F318C56}.Release|Any CPU.Build.0 = Release|Any CPU
		{21A8BBFC-4C31-4E8F-8C97-10B5EE20B01D}.Debug|Any CPU.ActiveCfg = Debug|Any CPU
		{21A8BBFC-4C31-4E8F-8C97-10B5EE20B01D}.Debug|Any CPU.Build.0 = Debug|Any CPU
		{21A8BBFC-4C31-4E8F-8C97-10B5EE20B01D}.Release|Any CPU.ActiveCfg = Release|Any CPU
		{21A8BBFC-4C31-4E8F-8C97-10B5EE20B01D}.Release|Any CPU.Build.0 = Release|Any CPU
		{6D47F648-B8B6-4242-8D44-8810E34B88DF}.Debug|Any CPU.ActiveCfg = Debug|Any CPU
		{6D47F648-B8B6-4242-8D44-8810E34B88DF}.Debug|Any CPU.Build.0 = Debug|Any CPU
		{6D47F648-B8B6-4242-8D44-8810E34B88DF}.Release|Any CPU.ActiveCfg = Release|Any CPU
		{6D47F648-B8B6-4242-8D44-8810E34B88DF}.Release|Any CPU.Build.0 = Release|Any CPU
		{BA2BC66B-69BB-4259-BEB1-53035873BFF9}.Debug|Any CPU.ActiveCfg = Debug|Any CPU
		{BA2BC66B-69BB-4259-BEB1-53035873BFF9}.Debug|Any CPU.Build.0 = Debug|Any CPU
		{BA2BC66B-69BB-4259-BEB1-53035873BFF9}.Release|Any CPU.ActiveCfg = Release|Any CPU
		{BA2BC66B-69BB-4259-BEB1-53035873BFF9}.Release|Any CPU.Build.0 = Release|Any CPU
		{FB2541C9-3AA3-468E-868C-F4A7030D13E3}.Debug|Any CPU.ActiveCfg = Debug|Any CPU
		{FB2541C9-3AA3-468E-868C-F4A7030D13E3}.Debug|Any CPU.Build.0 = Debug|Any CPU
		{FB2541C9-3AA3-468E-868C-F4A7030D13E3}.Release|Any CPU.ActiveCfg = Release|Any CPU
		{FB2541C9-3AA3-468E-868C-F4A7030D13E3}.Release|Any CPU.Build.0 = Release|Any CPU
	EndGlobalSection
	GlobalSection(SolutionProperties) = preSolution
		HideSolutionNode = FALSE
	EndGlobalSection
EndGlobal
